// !$*UTF8*$!
{
	archiveVersion = 1;
	classes = {
	};
	objectVersion = 55;
	objects = {

/* Begin PBXBuildFile section */
		1C3172522A0AA171003E4FA8 /* CommonInputViewController.swift in Sources */ = {isa = PBXBuildFile; fileRef = 1C3172512A0AA171003E4FA8 /* CommonInputViewController.swift */; };
		1C3172542A0AA18A003E4FA8 /* TabBarViewController.swift in Sources */ = {isa = PBXBuildFile; fileRef = 1C3172532A0AA18A003E4FA8 /* TabBarViewController.swift */; };
		1C3172582A0AAC4B003E4FA8 /* DocumentType.swift in Sources */ = {isa = PBXBuildFile; fileRef = 1C3172572A0AAC4B003E4FA8 /* DocumentType.swift */; };
		1C386D61297003E300831C08 /* AppDelegate.swift in Sources */ = {isa = PBXBuildFile; fileRef = 1C386D60297003E300831C08 /* AppDelegate.swift */; };
		1C386D63297003E300831C08 /* SceneDelegate.swift in Sources */ = {isa = PBXBuildFile; fileRef = 1C386D62297003E300831C08 /* SceneDelegate.swift */; };
		1C386D65297003E300831C08 /* ViewController.swift in Sources */ = {isa = PBXBuildFile; fileRef = 1C386D64297003E300831C08 /* ViewController.swift */; };
		1C386D6A297003E700831C08 /* Assets.xcassets in Resources */ = {isa = PBXBuildFile; fileRef = 1C386D69297003E700831C08 /* Assets.xcassets */; };
		1C386D6D297003E700831C08 /* LaunchScreen.storyboard in Resources */ = {isa = PBXBuildFile; fileRef = 1C386D6B297003E700831C08 /* LaunchScreen.storyboard */; };
		1C386D752970064B00831C08 /* PinLibrary.swift in Sources */ = {isa = PBXBuildFile; fileRef = 1C386D742970064B00831C08 /* PinLibrary.swift */; };
		1C386D772970071900831C08 /* PDFViewController.swift in Sources */ = {isa = PBXBuildFile; fileRef = 1C386D762970071900831C08 /* PDFViewController.swift */; };
		1CD1A6492A0ABEB400BF96FC /* DocsProgramm.swift in Sources */ = {isa = PBXBuildFile; fileRef = 1CD1A6482A0ABEB400BF96FC /* DocsProgramm.swift */; };
		1CD1A64B2A0ABEDC00BF96FC /* DocsManual.swift in Sources */ = {isa = PBXBuildFile; fileRef = 1CD1A64A2A0ABEDC00BF96FC /* DocsManual.swift */; };
		1CD1A64D2A0ABEF700BF96FC /* DocsTesting.swift in Sources */ = {isa = PBXBuildFile; fileRef = 1CD1A64C2A0ABEF700BF96FC /* DocsTesting.swift */; };
		1CD1A64F2A0ABF1900BF96FC /* DocsNote.swift in Sources */ = {isa = PBXBuildFile; fileRef = 1CD1A64E2A0ABF1900BF96FC /* DocsNote.swift */; };
		1CD1A6512A0ABF3700BF96FC /* DocsTask.swift in Sources */ = {isa = PBXBuildFile; fileRef = 1CD1A6502A0ABF3700BF96FC /* DocsTask.swift */; };
		1CD1A6532A0ABF7A00BF96FC /* DocsCommon.swift in Sources */ = {isa = PBXBuildFile; fileRef = 1CD1A6522A0ABF7A00BF96FC /* DocsCommon.swift */; };
		2EA447385036C5A6FC3CB6B6 /* Pods_MentorsJoy.framework in Frameworks */ = {isa = PBXBuildFile; fileRef = DD4502EB5F56A466AABFBFC4 /* Pods_MentorsJoy.framework */; };
/* End PBXBuildFile section */

/* Begin PBXFileReference section */
		1C3172512A0AA171003E4FA8 /* CommonInputViewController.swift */ = {isa = PBXFileReference; fileEncoding = 4; lastKnownFileType = sourcecode.swift; path = CommonInputViewController.swift; sourceTree = "<group>"; };
		1C3172532A0AA18A003E4FA8 /* TabBarViewController.swift */ = {isa = PBXFileReference; fileEncoding = 4; lastKnownFileType = sourcecode.swift; path = TabBarViewController.swift; sourceTree = "<group>"; };
		1C3172572A0AAC4B003E4FA8 /* DocumentType.swift */ = {isa = PBXFileReference; lastKnownFileType = sourcecode.swift; path = DocumentType.swift; sourceTree = "<group>"; };
		1C386D5D297003E300831C08 /* MentorsJoy.app */ = {isa = PBXFileReference; explicitFileType = wrapper.application; includeInIndex = 0; path = MentorsJoy.app; sourceTree = BUILT_PRODUCTS_DIR; };
		1C386D60297003E300831C08 /* AppDelegate.swift */ = {isa = PBXFileReference; lastKnownFileType = sourcecode.swift; path = AppDelegate.swift; sourceTree = "<group>"; };
		1C386D62297003E300831C08 /* SceneDelegate.swift */ = {isa = PBXFileReference; lastKnownFileType = sourcecode.swift; path = SceneDelegate.swift; sourceTree = "<group>"; };
		1C386D64297003E300831C08 /* ViewController.swift */ = {isa = PBXFileReference; lastKnownFileType = sourcecode.swift; path = ViewController.swift; sourceTree = "<group>"; };
		1C386D69297003E700831C08 /* Assets.xcassets */ = {isa = PBXFileReference; lastKnownFileType = folder.assetcatalog; path = Assets.xcassets; sourceTree = "<group>"; };
		1C386D6C297003E700831C08 /* Base */ = {isa = PBXFileReference; lastKnownFileType = file.storyboard; name = Base; path = Base.lproj/LaunchScreen.storyboard; sourceTree = "<group>"; };
		1C386D6E297003E700831C08 /* Info.plist */ = {isa = PBXFileReference; lastKnownFileType = text.plist.xml; path = Info.plist; sourceTree = "<group>"; };
		1C386D742970064B00831C08 /* PinLibrary.swift */ = {isa = PBXFileReference; lastKnownFileType = sourcecode.swift; path = PinLibrary.swift; sourceTree = "<group>"; };
		1C386D762970071900831C08 /* PDFViewController.swift */ = {isa = PBXFileReference; lastKnownFileType = sourcecode.swift; path = PDFViewController.swift; sourceTree = "<group>"; };
		1CD1A6482A0ABEB400BF96FC /* DocsProgramm.swift */ = {isa = PBXFileReference; lastKnownFileType = sourcecode.swift; path = DocsProgramm.swift; sourceTree = "<group>"; };
		1CD1A64A2A0ABEDC00BF96FC /* DocsManual.swift */ = {isa = PBXFileReference; lastKnownFileType = sourcecode.swift; path = DocsManual.swift; sourceTree = "<group>"; };
		1CD1A64C2A0ABEF700BF96FC /* DocsTesting.swift */ = {isa = PBXFileReference; lastKnownFileType = sourcecode.swift; path = DocsTesting.swift; sourceTree = "<group>"; };
		1CD1A64E2A0ABF1900BF96FC /* DocsNote.swift */ = {isa = PBXFileReference; lastKnownFileType = sourcecode.swift; path = DocsNote.swift; sourceTree = "<group>"; };
		1CD1A6502A0ABF3700BF96FC /* DocsTask.swift */ = {isa = PBXFileReference; lastKnownFileType = sourcecode.swift; path = DocsTask.swift; sourceTree = "<group>"; };
		1CD1A6522A0ABF7A00BF96FC /* DocsCommon.swift */ = {isa = PBXFileReference; lastKnownFileType = sourcecode.swift; path = DocsCommon.swift; sourceTree = "<group>"; };
		354F31FE21DCDBF3569EA9BD /* Pods-MentorsJoy.debug.xcconfig */ = {isa = PBXFileReference; includeInIndex = 1; lastKnownFileType = text.xcconfig; name = "Pods-MentorsJoy.debug.xcconfig"; path = "Target Support Files/Pods-MentorsJoy/Pods-MentorsJoy.debug.xcconfig"; sourceTree = "<group>"; };
		B54F7F601B4AAFF66B3B1429 /* Pods-MentorsJoy.release.xcconfig */ = {isa = PBXFileReference; includeInIndex = 1; lastKnownFileType = text.xcconfig; name = "Pods-MentorsJoy.release.xcconfig"; path = "Target Support Files/Pods-MentorsJoy/Pods-MentorsJoy.release.xcconfig"; sourceTree = "<group>"; };
		DD4502EB5F56A466AABFBFC4 /* Pods_MentorsJoy.framework */ = {isa = PBXFileReference; explicitFileType = wrapper.framework; includeInIndex = 0; path = Pods_MentorsJoy.framework; sourceTree = BUILT_PRODUCTS_DIR; };
/* End PBXFileReference section */

/* Begin PBXFrameworksBuildPhase section */
		1C386D5A297003E300831C08 /* Frameworks */ = {
			isa = PBXFrameworksBuildPhase;
			buildActionMask = 2147483647;
			files = (
				2EA447385036C5A6FC3CB6B6 /* Pods_MentorsJoy.framework in Frameworks */,
			);
			runOnlyForDeploymentPostprocessing = 0;
		};
/* End PBXFrameworksBuildPhase section */

/* Begin PBXGroup section */
		1C386D54297003E300831C08 = {
			isa = PBXGroup;
			children = (
				1C386D5F297003E300831C08 /* MentorsJoy */,
				1C386D5E297003E300831C08 /* Products */,
				43BAAD115BA3527CE89C6568 /* Pods */,
				53E6CDF47097B36F20295D48 /* Frameworks */,
			);
			sourceTree = "<group>";
		};
		1C386D5E297003E300831C08 /* Products */ = {
			isa = PBXGroup;
			children = (
				1C386D5D297003E300831C08 /* MentorsJoy.app */,
			);
			name = Products;
			sourceTree = "<group>";
		};
		1C386D5F297003E300831C08 /* MentorsJoy */ = {
			isa = PBXGroup;
			children = (
				1CD1A6472A0AAE0B00BF96FC /* View */,
				1CD1A6462A0AADFB00BF96FC /* Libraries */,
				1CD1A6452A0AADED00BF96FC /* Controllers */,
				1C386D60297003E300831C08 /* AppDelegate.swift */,
				1C386D62297003E300831C08 /* SceneDelegate.swift */,
				1C386D69297003E700831C08 /* Assets.xcassets */,
				1C386D6B297003E700831C08 /* LaunchScreen.storyboard */,
				1C386D6E297003E700831C08 /* Info.plist */,
			);
			path = MentorsJoy;
			sourceTree = "<group>";
		};
		1CD1A6452A0AADED00BF96FC /* Controllers */ = {
			isa = PBXGroup;
			children = (
				1C386D762970071900831C08 /* PDFViewController.swift */,
				1C3172512A0AA171003E4FA8 /* CommonInputViewController.swift */,
				1C3172532A0AA18A003E4FA8 /* TabBarViewController.swift */,
				1C386D64297003E300831C08 /* ViewController.swift */,
			);
			path = Controllers;
			sourceTree = "<group>";
		};
		1CD1A6462A0AADFB00BF96FC /* Libraries */ = {
			isa = PBXGroup;
			children = (
				1C3172572A0AAC4B003E4FA8 /* DocumentType.swift */,
				1C386D742970064B00831C08 /* PinLibrary.swift */,
			);
			path = Libraries;
			sourceTree = "<group>";
		};
		1CD1A6472A0AAE0B00BF96FC /* View */ = {
			isa = PBXGroup;
			children = (
				1CD1A6522A0ABF7A00BF96FC /* DocsCommon.swift */,
				1CD1A6502A0ABF3700BF96FC /* DocsTask.swift */,
				1CD1A64E2A0ABF1900BF96FC /* DocsNote.swift */,
				1CD1A64C2A0ABEF700BF96FC /* DocsTesting.swift */,
				1CD1A64A2A0ABEDC00BF96FC /* DocsManual.swift */,
				1CD1A6482A0ABEB400BF96FC /* DocsProgramm.swift */,
			);
			path = View;
			sourceTree = "<group>";
		};
		43BAAD115BA3527CE89C6568 /* Pods */ = {
			isa = PBXGroup;
			children = (
				354F31FE21DCDBF3569EA9BD /* Pods-MentorsJoy.debug.xcconfig */,
				B54F7F601B4AAFF66B3B1429 /* Pods-MentorsJoy.release.xcconfig */,
			);
			path = Pods;
			sourceTree = "<group>";
		};
		53E6CDF47097B36F20295D48 /* Frameworks */ = {
			isa = PBXGroup;
			children = (
				DD4502EB5F56A466AABFBFC4 /* Pods_MentorsJoy.framework */,
			);
			name = Frameworks;
			sourceTree = "<group>";
		};
/* End PBXGroup section */

/* Begin PBXNativeTarget section */
		1C386D5C297003E300831C08 /* MentorsJoy */ = {
			isa = PBXNativeTarget;
			buildConfigurationList = 1C386D71297003E700831C08 /* Build configuration list for PBXNativeTarget "MentorsJoy" */;
			buildPhases = (
				055EC89896CA5F95DF7E22C3 /* [CP] Check Pods Manifest.lock */,
				1C386D59297003E300831C08 /* Sources */,
				1C386D5A297003E300831C08 /* Frameworks */,
				1C386D5B297003E300831C08 /* Resources */,
				37840C2ECAB7C14E591CB997 /* [CP] Embed Pods Frameworks */,
			);
			buildRules = (
			);
			dependencies = (
			);
			name = MentorsJoy;
			productName = MentorsJoy;
			productReference = 1C386D5D297003E300831C08 /* MentorsJoy.app */;
			productType = "com.apple.product-type.application";
		};
/* End PBXNativeTarget section */

/* Begin PBXProject section */
		1C386D55297003E300831C08 /* Project object */ = {
			isa = PBXProject;
			attributes = {
				BuildIndependentTargetsInParallel = 1;
				LastSwiftUpdateCheck = 1410;
				LastUpgradeCheck = 1410;
				TargetAttributes = {
					1C386D5C297003E300831C08 = {
						CreatedOnToolsVersion = 14.1;
					};
				};
			};
			buildConfigurationList = 1C386D58297003E300831C08 /* Build configuration list for PBXProject "MentorsJoy" */;
			compatibilityVersion = "Xcode 13.0";
			developmentRegion = en;
			hasScannedForEncodings = 0;
			knownRegions = (
				en,
				Base,
			);
			mainGroup = 1C386D54297003E300831C08;
			productRefGroup = 1C386D5E297003E300831C08 /* Products */;
			projectDirPath = "";
			projectRoot = "";
			targets = (
				1C386D5C297003E300831C08 /* MentorsJoy */,
			);
		};
/* End PBXProject section */

/* Begin PBXResourcesBuildPhase section */
		1C386D5B297003E300831C08 /* Resources */ = {
			isa = PBXResourcesBuildPhase;
			buildActionMask = 2147483647;
			files = (
				1C386D6D297003E700831C08 /* LaunchScreen.storyboard in Resources */,
				1C386D6A297003E700831C08 /* Assets.xcassets in Resources */,
			);
			runOnlyForDeploymentPostprocessing = 0;
		};
/* End PBXResourcesBuildPhase section */

/* Begin PBXShellScriptBuildPhase section */
		055EC89896CA5F95DF7E22C3 /* [CP] Check Pods Manifest.lock */ = {
			isa = PBXShellScriptBuildPhase;
			buildActionMask = 2147483647;
			files = (
			);
			inputFileListPaths = (
			);
			inputPaths = (
				"${PODS_PODFILE_DIR_PATH}/Podfile.lock",
				"${PODS_ROOT}/Manifest.lock",
			);
			name = "[CP] Check Pods Manifest.lock";
			outputFileListPaths = (
			);
			outputPaths = (
				"$(DERIVED_FILE_DIR)/Pods-MentorsJoy-checkManifestLockResult.txt",
			);
			runOnlyForDeploymentPostprocessing = 0;
			shellPath = /bin/sh;
			shellScript = "diff \"${PODS_PODFILE_DIR_PATH}/Podfile.lock\" \"${PODS_ROOT}/Manifest.lock\" > /dev/null\nif [ $? != 0 ] ; then\n    # print error to STDERR\n    echo \"error: The sandbox is not in sync with the Podfile.lock. Run 'pod install' or update your CocoaPods installation.\" >&2\n    exit 1\nfi\n# This output is used by Xcode 'outputs' to avoid re-running this script phase.\necho \"SUCCESS\" > \"${SCRIPT_OUTPUT_FILE_0}\"\n";
			showEnvVarsInLog = 0;
		};
		37840C2ECAB7C14E591CB997 /* [CP] Embed Pods Frameworks */ = {
			isa = PBXShellScriptBuildPhase;
			buildActionMask = 2147483647;
			files = (
			);
			inputFileListPaths = (
				"${PODS_ROOT}/Target Support Files/Pods-MentorsJoy/Pods-MentorsJoy-frameworks-${CONFIGURATION}-input-files.xcfilelist",
			);
			name = "[CP] Embed Pods Frameworks";
			outputFileListPaths = (
				"${PODS_ROOT}/Target Support Files/Pods-MentorsJoy/Pods-MentorsJoy-frameworks-${CONFIGURATION}-output-files.xcfilelist",
			);
			runOnlyForDeploymentPostprocessing = 0;
			shellPath = /bin/sh;
			shellScript = "\"${PODS_ROOT}/Target Support Files/Pods-MentorsJoy/Pods-MentorsJoy-frameworks.sh\"\n";
			showEnvVarsInLog = 0;
		};
/* End PBXShellScriptBuildPhase section */

/* Begin PBXSourcesBuildPhase section */
		1C386D59297003E300831C08 /* Sources */ = {
			isa = PBXSourcesBuildPhase;
			buildActionMask = 2147483647;
			files = (
				1C3172582A0AAC4B003E4FA8 /* DocumentType.swift in Sources */,
				1CD1A64B2A0ABEDC00BF96FC /* DocsManual.swift in Sources */,
				1CD1A6532A0ABF7A00BF96FC /* DocsCommon.swift in Sources */,
				1C3172522A0AA171003E4FA8 /* CommonInputViewController.swift in Sources */,
				1CD1A6512A0ABF3700BF96FC /* DocsTask.swift in Sources */,
				1CD1A64D2A0ABEF700BF96FC /* DocsTesting.swift in Sources */,
				1C386D772970071900831C08 /* PDFViewController.swift in Sources */,
				1CD1A6492A0ABEB400BF96FC /* DocsProgramm.swift in Sources */,
				1C386D65297003E300831C08 /* ViewController.swift in Sources */,
				1C386D61297003E300831C08 /* AppDelegate.swift in Sources */,
				1C386D63297003E300831C08 /* SceneDelegate.swift in Sources */,
				1C3172542A0AA18A003E4FA8 /* TabBarViewController.swift in Sources */,
				1CD1A64F2A0ABF1900BF96FC /* DocsNote.swift in Sources */,
				1C386D752970064B00831C08 /* PinLibrary.swift in Sources */,
			);
			runOnlyForDeploymentPostprocessing = 0;
		};
/* End PBXSourcesBuildPhase section */

/* Begin PBXVariantGroup section */
		1C386D6B297003E700831C08 /* LaunchScreen.storyboard */ = {
			isa = PBXVariantGroup;
			children = (
				1C386D6C297003E700831C08 /* Base */,
			);
			name = LaunchScreen.storyboard;
			sourceTree = "<group>";
		};
/* End PBXVariantGroup section */

/* Begin XCBuildConfiguration section */
		1C386D6F297003E700831C08 /* Debug */ = {
			isa = XCBuildConfiguration;
			buildSettings = {
				ALWAYS_SEARCH_USER_PATHS = NO;
				CLANG_ANALYZER_NONNULL = YES;
				CLANG_ANALYZER_NUMBER_OBJECT_CONVERSION = YES_AGGRESSIVE;
				CLANG_CXX_LANGUAGE_STANDARD = "gnu++20";
				CLANG_ENABLE_MODULES = YES;
				CLANG_ENABLE_OBJC_ARC = YES;
				CLANG_ENABLE_OBJC_WEAK = YES;
				CLANG_WARN_BLOCK_CAPTURE_AUTORELEASING = YES;
				CLANG_WARN_BOOL_CONVERSION = YES;
				CLANG_WARN_COMMA = YES;
				CLANG_WARN_CONSTANT_CONVERSION = YES;
				CLANG_WARN_DEPRECATED_OBJC_IMPLEMENTATIONS = YES;
				CLANG_WARN_DIRECT_OBJC_ISA_USAGE = YES_ERROR;
				CLANG_WARN_DOCUMENTATION_COMMENTS = YES;
				CLANG_WARN_EMPTY_BODY = YES;
				CLANG_WARN_ENUM_CONVERSION = YES;
				CLANG_WARN_INFINITE_RECURSION = YES;
				CLANG_WARN_INT_CONVERSION = YES;
				CLANG_WARN_NON_LITERAL_NULL_CONVERSION = YES;
				CLANG_WARN_OBJC_IMPLICIT_RETAIN_SELF = YES;
				CLANG_WARN_OBJC_LITERAL_CONVERSION = YES;
				CLANG_WARN_OBJC_ROOT_CLASS = YES_ERROR;
				CLANG_WARN_QUOTED_INCLUDE_IN_FRAMEWORK_HEADER = YES;
				CLANG_WARN_RANGE_LOOP_ANALYSIS = YES;
				CLANG_WARN_STRICT_PROTOTYPES = YES;
				CLANG_WARN_SUSPICIOUS_MOVE = YES;
				CLANG_WARN_UNGUARDED_AVAILABILITY = YES_AGGRESSIVE;
				CLANG_WARN_UNREACHABLE_CODE = YES;
				CLANG_WARN__DUPLICATE_METHOD_MATCH = YES;
				COPY_PHASE_STRIP = NO;
				DEBUG_INFORMATION_FORMAT = dwarf;
				ENABLE_STRICT_OBJC_MSGSEND = YES;
				ENABLE_TESTABILITY = YES;
				GCC_C_LANGUAGE_STANDARD = gnu11;
				GCC_DYNAMIC_NO_PIC = NO;
				GCC_NO_COMMON_BLOCKS = YES;
				GCC_OPTIMIZATION_LEVEL = 0;
				GCC_PREPROCESSOR_DEFINITIONS = (
					"DEBUG=1",
					"$(inherited)",
				);
				GCC_WARN_64_TO_32_BIT_CONVERSION = YES;
				GCC_WARN_ABOUT_RETURN_TYPE = YES_ERROR;
				GCC_WARN_UNDECLARED_SELECTOR = YES;
				GCC_WARN_UNINITIALIZED_AUTOS = YES_AGGRESSIVE;
				GCC_WARN_UNUSED_FUNCTION = YES;
				GCC_WARN_UNUSED_VARIABLE = YES;
				IPHONEOS_DEPLOYMENT_TARGET = 16.1;
				MTL_ENABLE_DEBUG_INFO = INCLUDE_SOURCE;
				MTL_FAST_MATH = YES;
				ONLY_ACTIVE_ARCH = YES;
				SDKROOT = iphoneos;
				SWIFT_ACTIVE_COMPILATION_CONDITIONS = DEBUG;
				SWIFT_OPTIMIZATION_LEVEL = "-Onone";
			};
			name = Debug;
		};
		1C386D70297003E700831C08 /* Release */ = {
			isa = XCBuildConfiguration;
			buildSettings = {
				ALWAYS_SEARCH_USER_PATHS = NO;
				CLANG_ANALYZER_NONNULL = YES;
				CLANG_ANALYZER_NUMBER_OBJECT_CONVERSION = YES_AGGRESSIVE;
				CLANG_CXX_LANGUAGE_STANDARD = "gnu++20";
				CLANG_ENABLE_MODULES = YES;
				CLANG_ENABLE_OBJC_ARC = YES;
				CLANG_ENABLE_OBJC_WEAK = YES;
				CLANG_WARN_BLOCK_CAPTURE_AUTORELEASING = YES;
				CLANG_WARN_BOOL_CONVERSION = YES;
				CLANG_WARN_COMMA = YES;
				CLANG_WARN_CONSTANT_CONVERSION = YES;
				CLANG_WARN_DEPRECATED_OBJC_IMPLEMENTATIONS = YES;
				CLANG_WARN_DIRECT_OBJC_ISA_USAGE = YES_ERROR;
				CLANG_WARN_DOCUMENTATION_COMMENTS = YES;
				CLANG_WARN_EMPTY_BODY = YES;
				CLANG_WARN_ENUM_CONVERSION = YES;
				CLANG_WARN_INFINITE_RECURSION = YES;
				CLANG_WARN_INT_CONVERSION = YES;
				CLANG_WARN_NON_LITERAL_NULL_CONVERSION = YES;
				CLANG_WARN_OBJC_IMPLICIT_RETAIN_SELF = YES;
				CLANG_WARN_OBJC_LITERAL_CONVERSION = YES;
				CLANG_WARN_OBJC_ROOT_CLASS = YES_ERROR;
				CLANG_WARN_QUOTED_INCLUDE_IN_FRAMEWORK_HEADER = YES;
				CLANG_WARN_RANGE_LOOP_ANALYSIS = YES;
				CLANG_WARN_STRICT_PROTOTYPES = YES;
				CLANG_WARN_SUSPICIOUS_MOVE = YES;
				CLANG_WARN_UNGUARDED_AVAILABILITY = YES_AGGRESSIVE;
				CLANG_WARN_UNREACHABLE_CODE = YES;
				CLANG_WARN__DUPLICATE_METHOD_MATCH = YES;
				COPY_PHASE_STRIP = NO;
				DEBUG_INFORMATION_FORMAT = "dwarf-with-dsym";
				ENABLE_NS_ASSERTIONS = NO;
				ENABLE_STRICT_OBJC_MSGSEND = YES;
				GCC_C_LANGUAGE_STANDARD = gnu11;
				GCC_NO_COMMON_BLOCKS = YES;
				GCC_WARN_64_TO_32_BIT_CONVERSION = YES;
				GCC_WARN_ABOUT_RETURN_TYPE = YES_ERROR;
				GCC_WARN_UNDECLARED_SELECTOR = YES;
				GCC_WARN_UNINITIALIZED_AUTOS = YES_AGGRESSIVE;
				GCC_WARN_UNUSED_FUNCTION = YES;
				GCC_WARN_UNUSED_VARIABLE = YES;
				IPHONEOS_DEPLOYMENT_TARGET = 16.1;
				MTL_ENABLE_DEBUG_INFO = NO;
				MTL_FAST_MATH = YES;
				SDKROOT = iphoneos;
				SWIFT_COMPILATION_MODE = wholemodule;
				SWIFT_OPTIMIZATION_LEVEL = "-O";
				VALIDATE_PRODUCT = YES;
			};
			name = Release;
		};
		1C386D72297003E700831C08 /* Debug */ = {
			isa = XCBuildConfiguration;
			baseConfigurationReference = 354F31FE21DCDBF3569EA9BD /* Pods-MentorsJoy.debug.xcconfig */;
			buildSettings = {
				ASSETCATALOG_COMPILER_APPICON_NAME = AppIcon;
				ASSETCATALOG_COMPILER_GLOBAL_ACCENT_COLOR_NAME = AccentColor;
				CODE_SIGN_STYLE = Automatic;
				CURRENT_PROJECT_VERSION = 1;
				GENERATE_INFOPLIST_FILE = YES;
				INFOPLIST_FILE = MentorsJoy/Info.plist;
				INFOPLIST_KEY_UIApplicationSupportsIndirectInputEvents = YES;
				INFOPLIST_KEY_UILaunchStoryboardName = LaunchScreen;
				INFOPLIST_KEY_UISupportedInterfaceOrientations = UIInterfaceOrientationPortrait;
				LD_RUNPATH_SEARCH_PATHS = (
					"$(inherited)",
					"@executable_path/Frameworks",
				);
				MARKETING_VERSION = 1.0;
				PRODUCT_BUNDLE_IDENTIFIER = hse.MentorsJoy;
				PRODUCT_NAME = "$(TARGET_NAME)";
				SWIFT_EMIT_LOC_STRINGS = YES;
				SWIFT_VERSION = 5.0;
				TARGETED_DEVICE_FAMILY = "1,2";
			};
			name = Debug;
		};
		1C386D73297003E700831C08 /* Release */ = {
			isa = XCBuildConfiguration;
			baseConfigurationReference = B54F7F601B4AAFF66B3B1429 /* Pods-MentorsJoy.release.xcconfig */;
			buildSettings = {
				ASSETCATALOG_COMPILER_APPICON_NAME = AppIcon;
				ASSETCATALOG_COMPILER_GLOBAL_ACCENT_COLOR_NAME = AccentColor;
				CODE_SIGN_STYLE = Automatic;
				CURRENT_PROJECT_VERSION = 1;
				GENERATE_INFOPLIST_FILE = YES;
				INFOPLIST_FILE = MentorsJoy/Info.plist;
				INFOPLIST_KEY_UIApplicationSupportsIndirectInputEvents = YES;
				INFOPLIST_KEY_UILaunchStoryboardName = LaunchScreen;
				INFOPLIST_KEY_UISupportedInterfaceOrientations = UIInterfaceOrientationPortrait;
				LD_RUNPATH_SEARCH_PATHS = (
					"$(inherited)",
					"@executable_path/Frameworks",
				);
				MARKETING_VERSION = 1.0;
				PRODUCT_BUNDLE_IDENTIFIER = hse.MentorsJoy;
				PRODUCT_NAME = "$(TARGET_NAME)";
				SWIFT_EMIT_LOC_STRINGS = YES;
				SWIFT_VERSION = 5.0;
				TARGETED_DEVICE_FAMILY = "1,2";
			};
			name = Release;
		};
/* End XCBuildConfiguration section */

/* Begin XCConfigurationList section */
		1C386D58297003E300831C08 /* Build configuration list for PBXProject "MentorsJoy" */ = {
			isa = XCConfigurationList;
			buildConfigurations = (
				1C386D6F297003E700831C08 /* Debug */,
				1C386D70297003E700831C08 /* Release */,
			);
			defaultConfigurationIsVisible = 0;
			defaultConfigurationName = Release;
		};
		1C386D71297003E700831C08 /* Build configuration list for PBXNativeTarget "MentorsJoy" */ = {
			isa = XCConfigurationList;
			buildConfigurations = (
				1C386D72297003E700831C08 /* Debug */,
				1C386D73297003E700831C08 /* Release */,
			);
			defaultConfigurationIsVisible = 0;
			defaultConfigurationName = Release;
		};
/* End XCConfigurationList section */
	};
	rootObject = 1C386D55297003E300831C08 /* Project object */;
}
